
Microsoft Visual Studio Solution File, Format Version 12.00
# Visual Studio Version 17
VisualStudioVersion = 17.0.31903.59
MinimumVisualStudioVersion = 10.0.40219.1
Project("{FAE04EC0-301F-11D3-BF4B-00C04F79EFBC}") = "London.Stock.API", "London.Stock.API\London.Stock.API.csproj", "{45C46370-E44B-4104-9F35-C653AFE3B99E}"
EndProject
Project("{FAE04EC0-301F-11D3-BF4B-00C04F79EFBC}") = "London.Stock.Data", "London.Stock.Data\London.Stock.Data.csproj", "{65DC2F0C-57D1-4598-977E-3A7BBDAFEE32}"
EndProject
Global
	GlobalSection(SolutionConfigurationPlatforms) = preSolution
		Debug|Any CPU = Debug|Any CPU
		Release|Any CPU = Release|Any CPU
	EndGlobalSection
	GlobalSection(SolutionProperties) = preSolution
		HideSolutionNode = FALSE
	EndGlobalSection
	GlobalSection(ProjectConfigurationPlatforms) = postSolution
		{45C46370-E44B-4104-9F35-C653AFE3B99E}.Debug|Any CPU.ActiveCfg = Debug|Any CPU
		{45C46370-E44B-4104-9F35-C653AFE3B99E}.Debug|Any CPU.Build.0 = Debug|Any CPU
		{45C46370-E44B-4104-9F35-C653AFE3B99E}.Release|Any CPU.ActiveCfg = Release|Any CPU
		{45C46370-E44B-4104-9F35-C653AFE3B99E}.Release|Any CPU.Build.0 = Release|Any CPU
		{65DC2F0C-57D1-4598-977E-3A7BBDAFEE32}.Debug|Any CPU.ActiveCfg = Debug|Any CPU
		{65DC2F0C-57D1-4598-977E-3A7BBDAFEE32}.Debug|Any CPU.Build.0 = Debug|Any CPU
		{65DC2F0C-57D1-4598-977E-3A7BBDAFEE32}.Release|Any CPU.ActiveCfg = Release|Any CPU
		{65DC2F0C-57D1-4598-977E-3A7BBDAFEE32}.Release|Any CPU.Build.0 = Release|Any CPU
	EndGlobalSection
EndGlobal
